
Microsoft Visual Studio Solution File, Format Version 12.00
# Visual Studio Version 16
VisualStudioVersion = 16.0.30011.22
MinimumVisualStudioVersion = 10.0.40219.1
Project("{FAE04EC0-301F-11D3-BF4B-00C04F79EFBC}") = "P03_FootballBetting", "P03_FootballBetting\P03_FootballBetting.csproj", "{95EF96D2-F90A-4C88-897C-E60CF086E21E}"
EndProject
Project("{FAE04EC0-301F-11D3-BF4B-00C04F79EFBC}") = "P03_FootballBetting.Data", "P03_FootballBetting.Data\P03_FootballBetting.Data.csproj", "{BFAD95E7-4D8C-4C2F-A4A7-F9D84AEA603B}"
EndProject
Project("{FAE04EC0-301F-11D3-BF4B-00C04F79EFBC}") = "P03_FootballBetting.Data.Models", "P03_FootballBetting.Data.Models\P03_FootballBetting.Data.Models.csproj", "{2F84F06E-7294-4CEE-ABB9-96597D9F2CB0}"
EndProject
Global
	GlobalSection(SolutionConfigurationPlatforms) = preSolution
		Debug|Any CPU = Debug|Any CPU
		Release|Any CPU = Release|Any CPU
	EndGlobalSection
	GlobalSection(ProjectConfigurationPlatforms) = postSolution
		{95EF96D2-F90A-4C88-897C-E60CF086E21E}.Debug|Any CPU.ActiveCfg = Debug|Any CPU
		{95EF96D2-F90A-4C88-897C-E60CF086E21E}.Debug|Any CPU.Build.0 = Debug|Any CPU
		{95EF96D2-F90A-4C88-897C-E60CF086E21E}.Release|Any CPU.ActiveCfg = Release|Any CPU
		{95EF96D2-F90A-4C88-897C-E60CF086E21E}.Release|Any CPU.Build.0 = Release|Any CPU
		{BFAD95E7-4D8C-4C2F-A4A7-F9D84AEA603B}.Debug|Any CPU.ActiveCfg = Debug|Any CPU
		{BFAD95E7-4D8C-4C2F-A4A7-F9D84AEA603B}.Debug|Any CPU.Build.0 = Debug|Any CPU
		{BFAD95E7-4D8C-4C2F-A4A7-F9D84AEA603B}.Release|Any CPU.ActiveCfg = Release|Any CPU
		{BFAD95E7-4D8C-4C2F-A4A7-F9D84AEA603B}.Release|Any CPU.Build.0 = Release|Any CPU
		{2F84F06E-7294-4CEE-ABB9-96597D9F2CB0}.Debug|Any CPU.ActiveCfg = Debug|Any CPU
		{2F84F06E-7294-4CEE-ABB9-96597D9F2CB0}.Debug|Any CPU.Build.0 = Debug|Any CPU
		{2F84F06E-7294-4CEE-ABB9-96597D9F2CB0}.Release|Any CPU.ActiveCfg = Release|Any CPU
		{2F84F06E-7294-4CEE-ABB9-96597D9F2CB0}.Release|Any CPU.Build.0 = Release|Any CPU
	EndGlobalSection
	GlobalSection(SolutionProperties) = preSolution
		HideSolutionNode = FALSE
	EndGlobalSection
	GlobalSection(ExtensibilityGlobals) = postSolution
		SolutionGuid = {EF9C40FF-4B09-4BBA-9D3E-901E13422CBA}
	EndGlobalSection
EndGlobal
