
Microsoft Visual Studio Solution File, Format Version 12.00
# Visual Studio Version 16
VisualStudioVersion = 16.0.30011.22
MinimumVisualStudioVersion = 10.0.40219.1
Project("{9A19103F-16F7-4668-BE54-9A1E7A4F7556}") = "01InitialSetup", "01InitialSetup\01InitialSetup.csproj", "{D9635BD2-B2A8-42ED-B9E3-4D44D11BD604}"
EndProject
Project("{9A19103F-16F7-4668-BE54-9A1E7A4F7556}") = "02VillainNames", "02VillainNames\02VillainNames.csproj", "{56F44147-0CCC-4A94-9591-1B5F42E2D9A7}"
EndProject
Project("{9A19103F-16F7-4668-BE54-9A1E7A4F7556}") = "03MinionNames", "03MinionNames\03MinionNames.csproj", "{704C6A68-BD27-4AE2-978D-6498FEBD8B9D}"
EndProject
Project("{9A19103F-16F7-4668-BE54-9A1E7A4F7556}") = "04AddMinion", "04AddMinion\04AddMinion.csproj", "{7CB7AC38-C9DD-4529-96FF-8474443368D2}"
EndProject
Project("{9A19103F-16F7-4668-BE54-9A1E7A4F7556}") = "05ChangeTownNamesCasing", "05ChangeTownNamesCasing\05ChangeTownNamesCasing.csproj", "{97D02C0F-935A-4B27-A8C5-D950F544B0F9}"
EndProject
Project("{9A19103F-16F7-4668-BE54-9A1E7A4F7556}") = "06RemoveVillain", "06RemoveVillain\06RemoveVillain.csproj", "{8F381830-6D99-4C7E-BB32-B0328CF8C222}"
EndProject
Project("{FAE04EC0-301F-11D3-BF4B-00C04F79EFBC}") = "07PrintAllMinionNames", "07PrintAllMinionNames\07PrintAllMinionNames.csproj", "{60E6947B-4F5E-431C-BB12-D7F6B91ACDF3}"
EndProject
Project("{FAE04EC0-301F-11D3-BF4B-00C04F79EFBC}") = "08IncreaseMinionAge", "08IncreaseMinionAge\08IncreaseMinionAge.csproj", "{735403C4-0CAE-4C8E-A827-F2E1826A7934}"
EndProject
Global
	GlobalSection(SolutionConfigurationPlatforms) = preSolution
		Debug|Any CPU = Debug|Any CPU
		Release|Any CPU = Release|Any CPU
	EndGlobalSection
	GlobalSection(ProjectConfigurationPlatforms) = postSolution
		{D9635BD2-B2A8-42ED-B9E3-4D44D11BD604}.Debug|Any CPU.ActiveCfg = Debug|Any CPU
		{D9635BD2-B2A8-42ED-B9E3-4D44D11BD604}.Debug|Any CPU.Build.0 = Debug|Any CPU
		{D9635BD2-B2A8-42ED-B9E3-4D44D11BD604}.Release|Any CPU.ActiveCfg = Release|Any CPU
		{D9635BD2-B2A8-42ED-B9E3-4D44D11BD604}.Release|Any CPU.Build.0 = Release|Any CPU
		{56F44147-0CCC-4A94-9591-1B5F42E2D9A7}.Debug|Any CPU.ActiveCfg = Debug|Any CPU
		{56F44147-0CCC-4A94-9591-1B5F42E2D9A7}.Debug|Any CPU.Build.0 = Debug|Any CPU
		{56F44147-0CCC-4A94-9591-1B5F42E2D9A7}.Release|Any CPU.ActiveCfg = Release|Any CPU
		{56F44147-0CCC-4A94-9591-1B5F42E2D9A7}.Release|Any CPU.Build.0 = Release|Any CPU
		{704C6A68-BD27-4AE2-978D-6498FEBD8B9D}.Debug|Any CPU.ActiveCfg = Debug|Any CPU
		{704C6A68-BD27-4AE2-978D-6498FEBD8B9D}.Debug|Any CPU.Build.0 = Debug|Any CPU
		{704C6A68-BD27-4AE2-978D-6498FEBD8B9D}.Release|Any CPU.ActiveCfg = Release|Any CPU
		{704C6A68-BD27-4AE2-978D-6498FEBD8B9D}.Release|Any CPU.Build.0 = Release|Any CPU
		{7CB7AC38-C9DD-4529-96FF-8474443368D2}.Debug|Any CPU.ActiveCfg = Debug|Any CPU
		{7CB7AC38-C9DD-4529-96FF-8474443368D2}.Debug|Any CPU.Build.0 = Debug|Any CPU
		{7CB7AC38-C9DD-4529-96FF-8474443368D2}.Release|Any CPU.ActiveCfg = Release|Any CPU
		{7CB7AC38-C9DD-4529-96FF-8474443368D2}.Release|Any CPU.Build.0 = Release|Any CPU
		{97D02C0F-935A-4B27-A8C5-D950F544B0F9}.Debug|Any CPU.ActiveCfg = Debug|Any CPU
		{97D02C0F-935A-4B27-A8C5-D950F544B0F9}.Debug|Any CPU.Build.0 = Debug|Any CPU
		{97D02C0F-935A-4B27-A8C5-D950F544B0F9}.Release|Any CPU.ActiveCfg = Release|Any CPU
		{97D02C0F-935A-4B27-A8C5-D950F544B0F9}.Release|Any CPU.Build.0 = Release|Any CPU
		{8F381830-6D99-4C7E-BB32-B0328CF8C222}.Debug|Any CPU.ActiveCfg = Debug|Any CPU
		{8F381830-6D99-4C7E-BB32-B0328CF8C222}.Debug|Any CPU.Build.0 = Debug|Any CPU
		{8F381830-6D99-4C7E-BB32-B0328CF8C222}.Release|Any CPU.ActiveCfg = Release|Any CPU
		{8F381830-6D99-4C7E-BB32-B0328CF8C222}.Release|Any CPU.Build.0 = Release|Any CPU
		{60E6947B-4F5E-431C-BB12-D7F6B91ACDF3}.Debug|Any CPU.ActiveCfg = Debug|Any CPU
		{60E6947B-4F5E-431C-BB12-D7F6B91ACDF3}.Debug|Any CPU.Build.0 = Debug|Any CPU
		{60E6947B-4F5E-431C-BB12-D7F6B91ACDF3}.Release|Any CPU.ActiveCfg = Release|Any CPU
		{60E6947B-4F5E-431C-BB12-D7F6B91ACDF3}.Release|Any CPU.Build.0 = Release|Any CPU
		{735403C4-0CAE-4C8E-A827-F2E1826A7934}.Debug|Any CPU.ActiveCfg = Debug|Any CPU
		{735403C4-0CAE-4C8E-A827-F2E1826A7934}.Debug|Any CPU.Build.0 = Debug|Any CPU
		{735403C4-0CAE-4C8E-A827-F2E1826A7934}.Release|Any CPU.ActiveCfg = Release|Any CPU
		{735403C4-0CAE-4C8E-A827-F2E1826A7934}.Release|Any CPU.Build.0 = Release|Any CPU
	EndGlobalSection
	GlobalSection(SolutionProperties) = preSolution
		HideSolutionNode = FALSE
	EndGlobalSection
	GlobalSection(ExtensibilityGlobals) = postSolution
		SolutionGuid = {09D6F9EA-87F8-48E8-9709-4040DF2F4A69}
	EndGlobalSection
EndGlobal
